// !$*UTF8*$!
{
	archiveVersion = 1;
	classes = {
	};
	objectVersion = 56;
	objects = {

/* Begin PBXBuildFile section */
		480448722B4B0D52008A4638 /* SearchViewModel.swift in Sources */ = {isa = PBXBuildFile; fileRef = 480448712B4B0D52008A4638 /* SearchViewModel.swift */; };
		480448742B4B0E08008A4638 /* SearchControl.swift in Sources */ = {isa = PBXBuildFile; fileRef = 480448732B4B0E08008A4638 /* SearchControl.swift */; };
		482DB6B72B5416FF005538DE /* PlaceSettingModel.swift in Sources */ = {isa = PBXBuildFile; fileRef = 482DB6B62B5416FF005538DE /* PlaceSettingModel.swift */; };
		482DB6B92B541797005538DE /* PlaceSettingsViewModel.swift in Sources */ = {isa = PBXBuildFile; fileRef = 482DB6B82B541797005538DE /* PlaceSettingsViewModel.swift */; };
		482DB6BB2B541E7E005538DE /* PlaceSettingView.swift in Sources */ = {isa = PBXBuildFile; fileRef = 482DB6BA2B541E7E005538DE /* PlaceSettingView.swift */; };
		4835C7F72B53B2CB00E40EAD /* ColorAssets.xcassets in Resources */ = {isa = PBXBuildFile; fileRef = 4835C7F62B53B2CB00E40EAD /* ColorAssets.xcassets */; };
		483612B12B4ECFD900E0B45A /* MapView.swift in Sources */ = {isa = PBXBuildFile; fileRef = 483612B02B4ECFD900E0B45A /* MapView.swift */; };
		483612B32B4ED00100E0B45A /* TestView.swift in Sources */ = {isa = PBXBuildFile; fileRef = 483612B22B4ED00100E0B45A /* TestView.swift */; };
		483612B62B4ED09000E0B45A /* TabBarModel.swift in Sources */ = {isa = PBXBuildFile; fileRef = 483612B52B4ED09000E0B45A /* TabBarModel.swift */; };
		483612BA2B4ED14500E0B45A /* MainTabBarControl.swift in Sources */ = {isa = PBXBuildFile; fileRef = 483612B92B4ED14500E0B45A /* MainTabBarControl.swift */; };
		483820DD2B4BE5E600C3FB14 /* TtuDotButton.swift in Sources */ = {isa = PBXBuildFile; fileRef = 483820DC2B4BE5E600C3FB14 /* TtuDotButton.swift */; };
		483820DF2B4BE61F00C3FB14 /* TtuDotModel.swift in Sources */ = {isa = PBXBuildFile; fileRef = 483820DE2B4BE61F00C3FB14 /* TtuDotModel.swift */; };
		483820E22B4BE7C100C3FB14 /* ARCommand.swift in Sources */ = {isa = PBXBuildFile; fileRef = 483820E12B4BE7C100C3FB14 /* ARCommand.swift */; };
		483820E42B4BE80700C3FB14 /* SettingsCommand.swift in Sources */ = {isa = PBXBuildFile; fileRef = 483820E32B4BE80700C3FB14 /* SettingsCommand.swift */; };
		483820E62B4BE86200C3FB14 /* MyTicketCommand.swift in Sources */ = {isa = PBXBuildFile; fileRef = 483820E52B4BE86200C3FB14 /* MyTicketCommand.swift */; };
		483820E82B4BE8E500C3FB14 /* AddLocationCommand.swift in Sources */ = {isa = PBXBuildFile; fileRef = 483820E72B4BE8E500C3FB14 /* AddLocationCommand.swift */; };
		483820EC2B4BE97300C3FB14 /* TtuDotViewModel.swift in Sources */ = {isa = PBXBuildFile; fileRef = 483820EB2B4BE97300C3FB14 /* TtuDotViewModel.swift */; };
		483820EE2B4BEAFE00C3FB14 /* TtuDotShape.swift in Sources */ = {isa = PBXBuildFile; fileRef = 483820ED2B4BEAFE00C3FB14 /* TtuDotShape.swift */; };
		4861FF242B54E35C00DC6E2D /* CustomSlider.swift in Sources */ = {isa = PBXBuildFile; fileRef = 4861FF232B54E35C00DC6E2D /* CustomSlider.swift */; };
		488E25462B4D4E1C005D8D52 /* FontExtension.swift in Sources */ = {isa = PBXBuildFile; fileRef = 488E25452B4D4E1C005D8D52 /* FontExtension.swift */; };
		489BD8F12B4A40EE003382AE /* SearchButtonModel.swift in Sources */ = {isa = PBXBuildFile; fileRef = 489BD8F02B4A40EE003382AE /* SearchButtonModel.swift */; };
		48FF93932B43BA0600202F45 /* AppDelegate.swift in Sources */ = {isa = PBXBuildFile; fileRef = 48FF93922B43BA0600202F45 /* AppDelegate.swift */; };
		48FF93952B43BA0600202F45 /* ContentView.swift in Sources */ = {isa = PBXBuildFile; fileRef = 48FF93942B43BA0600202F45 /* ContentView.swift */; };
		48FF93972B43BA0700202F45 /* Assets.xcassets in Resources */ = {isa = PBXBuildFile; fileRef = 48FF93962B43BA0700202F45 /* Assets.xcassets */; };
		48FF939A2B43BA0700202F45 /* Preview Assets.xcassets in Resources */ = {isa = PBXBuildFile; fileRef = 48FF93992B43BA0700202F45 /* Preview Assets.xcassets */; };
		6CC4DDB72B55512F0080E7E8 /* NavigationBar.swift in Sources */ = {isa = PBXBuildFile; fileRef = 6CC4DDB62B55512F0080E7E8 /* NavigationBar.swift */; };
		6CC4DDB92B55519F0080E7E8 /* Icon.swift in Sources */ = {isa = PBXBuildFile; fileRef = 6CC4DDB82B55519F0080E7E8 /* Icon.swift */; };
/* End PBXBuildFile section */

/* Begin PBXFileReference section */
		480448712B4B0D52008A4638 /* SearchViewModel.swift */ = {isa = PBXFileReference; lastKnownFileType = sourcecode.swift; path = SearchViewModel.swift; sourceTree = "<group>"; };
		480448732B4B0E08008A4638 /* SearchControl.swift */ = {isa = PBXFileReference; lastKnownFileType = sourcecode.swift; path = SearchControl.swift; sourceTree = "<group>"; };
		482DB6B62B5416FF005538DE /* PlaceSettingModel.swift */ = {isa = PBXFileReference; lastKnownFileType = sourcecode.swift; path = PlaceSettingModel.swift; sourceTree = "<group>"; };
		482DB6B82B541797005538DE /* PlaceSettingsViewModel.swift */ = {isa = PBXFileReference; lastKnownFileType = sourcecode.swift; path = PlaceSettingsViewModel.swift; sourceTree = "<group>"; };
		482DB6BA2B541E7E005538DE /* PlaceSettingView.swift */ = {isa = PBXFileReference; lastKnownFileType = sourcecode.swift; path = PlaceSettingView.swift; sourceTree = "<group>"; };
		4835C7F62B53B2CB00E40EAD /* ColorAssets.xcassets */ = {isa = PBXFileReference; lastKnownFileType = folder.assetcatalog; path = ColorAssets.xcassets; sourceTree = "<group>"; };
		483612B02B4ECFD900E0B45A /* MapView.swift */ = {isa = PBXFileReference; lastKnownFileType = sourcecode.swift; path = MapView.swift; sourceTree = "<group>"; };
		483612B22B4ED00100E0B45A /* TestView.swift */ = {isa = PBXFileReference; lastKnownFileType = sourcecode.swift; path = TestView.swift; sourceTree = "<group>"; };
		483612B52B4ED09000E0B45A /* TabBarModel.swift */ = {isa = PBXFileReference; lastKnownFileType = sourcecode.swift; path = TabBarModel.swift; sourceTree = "<group>"; };
		483612B92B4ED14500E0B45A /* MainTabBarControl.swift */ = {isa = PBXFileReference; lastKnownFileType = sourcecode.swift; path = MainTabBarControl.swift; sourceTree = "<group>"; };
		483820DC2B4BE5E600C3FB14 /* TtuDotButton.swift */ = {isa = PBXFileReference; lastKnownFileType = sourcecode.swift; path = TtuDotButton.swift; sourceTree = "<group>"; };
		483820DE2B4BE61F00C3FB14 /* TtuDotModel.swift */ = {isa = PBXFileReference; lastKnownFileType = sourcecode.swift; path = TtuDotModel.swift; sourceTree = "<group>"; };
		483820E12B4BE7C100C3FB14 /* ARCommand.swift */ = {isa = PBXFileReference; lastKnownFileType = sourcecode.swift; path = ARCommand.swift; sourceTree = "<group>"; };
		483820E32B4BE80700C3FB14 /* SettingsCommand.swift */ = {isa = PBXFileReference; lastKnownFileType = sourcecode.swift; path = SettingsCommand.swift; sourceTree = "<group>"; };
		483820E52B4BE86200C3FB14 /* MyTicketCommand.swift */ = {isa = PBXFileReference; lastKnownFileType = sourcecode.swift; path = MyTicketCommand.swift; sourceTree = "<group>"; };
		483820E72B4BE8E500C3FB14 /* AddLocationCommand.swift */ = {isa = PBXFileReference; lastKnownFileType = sourcecode.swift; path = AddLocationCommand.swift; sourceTree = "<group>"; };
		483820EB2B4BE97300C3FB14 /* TtuDotViewModel.swift */ = {isa = PBXFileReference; lastKnownFileType = sourcecode.swift; path = TtuDotViewModel.swift; sourceTree = "<group>"; };
		483820ED2B4BEAFE00C3FB14 /* TtuDotShape.swift */ = {isa = PBXFileReference; lastKnownFileType = sourcecode.swift; path = TtuDotShape.swift; sourceTree = "<group>"; };
		4861FF232B54E35C00DC6E2D /* CustomSlider.swift */ = {isa = PBXFileReference; lastKnownFileType = sourcecode.swift; path = CustomSlider.swift; sourceTree = "<group>"; };
		488E25452B4D4E1C005D8D52 /* FontExtension.swift */ = {isa = PBXFileReference; lastKnownFileType = sourcecode.swift; path = FontExtension.swift; sourceTree = "<group>"; };
		489BD8F02B4A40EE003382AE /* SearchButtonModel.swift */ = {isa = PBXFileReference; lastKnownFileType = sourcecode.swift; path = SearchButtonModel.swift; sourceTree = "<group>"; };
		48FF938F2B43BA0600202F45 /* ttubeokAR.app */ = {isa = PBXFileReference; explicitFileType = wrapper.application; includeInIndex = 0; path = ttubeokAR.app; sourceTree = BUILT_PRODUCTS_DIR; };
		48FF93922B43BA0600202F45 /* AppDelegate.swift */ = {isa = PBXFileReference; lastKnownFileType = sourcecode.swift; path = AppDelegate.swift; sourceTree = "<group>"; };
		48FF93942B43BA0600202F45 /* ContentView.swift */ = {isa = PBXFileReference; lastKnownFileType = sourcecode.swift; path = ContentView.swift; sourceTree = "<group>"; };
		48FF93962B43BA0700202F45 /* Assets.xcassets */ = {isa = PBXFileReference; lastKnownFileType = folder.assetcatalog; path = Assets.xcassets; sourceTree = "<group>"; };
		48FF93992B43BA0700202F45 /* Preview Assets.xcassets */ = {isa = PBXFileReference; lastKnownFileType = folder.assetcatalog; path = "Preview Assets.xcassets"; sourceTree = "<group>"; };
		6CC4DDB62B55512F0080E7E8 /* NavigationBar.swift */ = {isa = PBXFileReference; lastKnownFileType = sourcecode.swift; path = NavigationBar.swift; sourceTree = "<group>"; };
		6CC4DDB82B55519F0080E7E8 /* Icon.swift */ = {isa = PBXFileReference; lastKnownFileType = sourcecode.swift; path = Icon.swift; sourceTree = "<group>"; };
/* End PBXFileReference section */

/* Begin PBXFrameworksBuildPhase section */
		48FF938C2B43BA0600202F45 /* Frameworks */ = {
			isa = PBXFrameworksBuildPhase;
			buildActionMask = 2147483647;
			files = (
			);
			runOnlyForDeploymentPostprocessing = 0;
		};
/* End PBXFrameworksBuildPhase section */

/* Begin PBXGroup section */
		482DB6B42B541693005538DE /* SearchOption */ = {
			isa = PBXGroup;
			children = (
				482DB6B62B5416FF005538DE /* PlaceSettingModel.swift */,
				482DB6B82B541797005538DE /* PlaceSettingsViewModel.swift */,
				482DB6BA2B541E7E005538DE /* PlaceSettingView.swift */,
				4861FF232B54E35C00DC6E2D /* CustomSlider.swift */,
			);
			path = SearchOption;
			sourceTree = "<group>";
		};
		482DB6B52B5416B2005538DE /* SearchBar */ = {
			isa = PBXGroup;
			children = (
				489BD8F02B4A40EE003382AE /* SearchButtonModel.swift */,
				480448712B4B0D52008A4638 /* SearchViewModel.swift */,
				480448732B4B0E08008A4638 /* SearchControl.swift */,
			);
			path = SearchBar;
			sourceTree = "<group>";
		};
		483612B42B4ED04C00E0B45A /* GlobalTabBar */ = {
			isa = PBXGroup;
			children = (
				483612B52B4ED09000E0B45A /* TabBarModel.swift */,
				483612B92B4ED14500E0B45A /* MainTabBarControl.swift */,
			);
			path = GlobalTabBar;
			sourceTree = "<group>";
		};
		483820DA2B4BE5A900C3FB14 /* Global */ = {
			isa = PBXGroup;
			children = (
				6CC4DDB52B5551120080E7E8 /* GlobalNavigationBar */,
				483612B42B4ED04C00E0B45A /* GlobalTabBar */,
				483820DB2B4BE5B400C3FB14 /* GlobalTtuDot */,
				489BD8EF2B4A40CF003382AE /* GlobalSearchControl */,
			);
			path = Global;
			sourceTree = "<group>";
		};
		483820DB2B4BE5B400C3FB14 /* GlobalTtuDot */ = {
			isa = PBXGroup;
			children = (
				483820E02B4BE79600C3FB14 /* TtuDotModel */,
				483820EB2B4BE97300C3FB14 /* TtuDotViewModel.swift */,
				483820DC2B4BE5E600C3FB14 /* TtuDotButton.swift */,
				483820ED2B4BEAFE00C3FB14 /* TtuDotShape.swift */,
			);
			path = GlobalTtuDot;
			sourceTree = "<group>";
		};
		483820E02B4BE79600C3FB14 /* TtuDotModel */ = {
			isa = PBXGroup;
			children = (
				483820DE2B4BE61F00C3FB14 /* TtuDotModel.swift */,
				483820E12B4BE7C100C3FB14 /* ARCommand.swift */,
				483820E32B4BE80700C3FB14 /* SettingsCommand.swift */,
				483820E52B4BE86200C3FB14 /* MyTicketCommand.swift */,
				483820E72B4BE8E500C3FB14 /* AddLocationCommand.swift */,
			);
			path = TtuDotModel;
			sourceTree = "<group>";
		};
		489BD8EF2B4A40CF003382AE /* GlobalSearchControl */ = {
			isa = PBXGroup;
			children = (
				482DB6B52B5416B2005538DE /* SearchBar */,
				482DB6B42B541693005538DE /* SearchOption */,
			);
			path = GlobalSearchControl;
			sourceTree = "<group>";
		};
		48FF93862B43BA0600202F45 = {
			isa = PBXGroup;
			children = (
				48FF93912B43BA0600202F45 /* ttubeokAR */,
				48FF93902B43BA0600202F45 /* Products */,
			);
			sourceTree = "<group>";
		};
		48FF93902B43BA0600202F45 /* Products */ = {
			isa = PBXGroup;
			children = (
				48FF938F2B43BA0600202F45 /* ttubeokAR.app */,
			);
			name = Products;
			sourceTree = "<group>";
		};
		48FF93912B43BA0600202F45 /* ttubeokAR */ = {
			isa = PBXGroup;
			children = (
				483820DA2B4BE5A900C3FB14 /* Global */,
				48FF93A02B43BA1400202F45 /* ExploreView */,
				48FF93A22B43BA4500202F45 /* MapView */,
				48FF93A12B43BA3800202F45 /* ARView */,
				48FF93A32B43BA7B00202F45 /* SettingGroup */,
				48FF93982B43BA0700202F45 /* Preview Content */,
			);
			path = ttubeokAR;
			sourceTree = "<group>";
		};
		48FF93982B43BA0700202F45 /* Preview Content */ = {
			isa = PBXGroup;
			children = (
				48FF93992B43BA0700202F45 /* Preview Assets.xcassets */,
			);
			path = "Preview Content";
			sourceTree = "<group>";
		};
		48FF93A02B43BA1400202F45 /* ExploreView */ = {
			isa = PBXGroup;
			children = (
			);
			path = ExploreView;
			sourceTree = "<group>";
		};
		48FF93A12B43BA3800202F45 /* ARView */ = {
			isa = PBXGroup;
			children = (
				48FF93942B43BA0600202F45 /* ContentView.swift */,
			);
			path = ARView;
			sourceTree = "<group>";
		};
		48FF93A22B43BA4500202F45 /* MapView */ = {
			isa = PBXGroup;
			children = (
				483612B02B4ECFD900E0B45A /* MapView.swift */,
				483612B22B4ED00100E0B45A /* TestView.swift */,
			);
			path = MapView;
			sourceTree = "<group>";
		};
		48FF93A32B43BA7B00202F45 /* SettingGroup */ = {
			isa = PBXGroup;
			children = (
				48FF93922B43BA0600202F45 /* AppDelegate.swift */,
				488E25452B4D4E1C005D8D52 /* FontExtension.swift */,
				48FF93962B43BA0700202F45 /* Assets.xcassets */,
				4835C7F62B53B2CB00E40EAD /* ColorAssets.xcassets */,
				6CC4DDB82B55519F0080E7E8 /* Icon.swift */,
			);
			path = SettingGroup;
			sourceTree = "<group>";
		};
		6CC4DDB52B5551120080E7E8 /* GlobalNavigationBar */ = {
			isa = PBXGroup;
			children = (
				6CC4DDB62B55512F0080E7E8 /* NavigationBar.swift */,
			);
			path = GlobalNavigationBar;
			sourceTree = "<group>";
		};
/* End PBXGroup section */

/* Begin PBXNativeTarget section */
		48FF938E2B43BA0600202F45 /* ttubeokAR */ = {
			isa = PBXNativeTarget;
			buildConfigurationList = 48FF939D2B43BA0700202F45 /* Build configuration list for PBXNativeTarget "ttubeokAR" */;
			buildPhases = (
				48FF938B2B43BA0600202F45 /* Sources */,
				48FF938C2B43BA0600202F45 /* Frameworks */,
				48FF938D2B43BA0600202F45 /* Resources */,
			);
			buildRules = (
			);
			dependencies = (
			);
			name = ttubeokAR;
			productName = ttubeokAR;
			productReference = 48FF938F2B43BA0600202F45 /* ttubeokAR.app */;
			productType = "com.apple.product-type.application";
		};
/* End PBXNativeTarget section */

/* Begin PBXProject section */
		48FF93872B43BA0600202F45 /* Project object */ = {
			isa = PBXProject;
			attributes = {
				BuildIndependentTargetsInParallel = 1;
				LastSwiftUpdateCheck = 1510;
				LastUpgradeCheck = 1510;
				TargetAttributes = {
					48FF938E2B43BA0600202F45 = {
						CreatedOnToolsVersion = 15.1;
					};
				};
			};
			buildConfigurationList = 48FF938A2B43BA0600202F45 /* Build configuration list for PBXProject "ttubeokAR" */;
			compatibilityVersion = "Xcode 14.0";
			developmentRegion = en;
			hasScannedForEncodings = 0;
			knownRegions = (
				en,
				Base,
			);
			mainGroup = 48FF93862B43BA0600202F45;
			productRefGroup = 48FF93902B43BA0600202F45 /* Products */;
			projectDirPath = "";
			projectRoot = "";
			targets = (
				48FF938E2B43BA0600202F45 /* ttubeokAR */,
			);
		};
/* End PBXProject section */

/* Begin PBXResourcesBuildPhase section */
		48FF938D2B43BA0600202F45 /* Resources */ = {
			isa = PBXResourcesBuildPhase;
			buildActionMask = 2147483647;
			files = (
				48FF939A2B43BA0700202F45 /* Preview Assets.xcassets in Resources */,
				4835C7F72B53B2CB00E40EAD /* ColorAssets.xcassets in Resources */,
				48FF93972B43BA0700202F45 /* Assets.xcassets in Resources */,
			);
			runOnlyForDeploymentPostprocessing = 0;
		};
/* End PBXResourcesBuildPhase section */

/* Begin PBXSourcesBuildPhase section */
		48FF938B2B43BA0600202F45 /* Sources */ = {
			isa = PBXSourcesBuildPhase;
			buildActionMask = 2147483647;
			files = (
				48FF93952B43BA0600202F45 /* ContentView.swift in Sources */,
				480448722B4B0D52008A4638 /* SearchViewModel.swift in Sources */,
				488E25462B4D4E1C005D8D52 /* FontExtension.swift in Sources */,
				483820DF2B4BE61F00C3FB14 /* TtuDotModel.swift in Sources */,
				483612B32B4ED00100E0B45A /* TestView.swift in Sources */,
				483820E62B4BE86200C3FB14 /* MyTicketCommand.swift in Sources */,
				6CC4DDB92B55519F0080E7E8 /* Icon.swift in Sources */,
				6CC4DDB72B55512F0080E7E8 /* NavigationBar.swift in Sources */,
				483820EE2B4BEAFE00C3FB14 /* TtuDotShape.swift in Sources */,
				480448742B4B0E08008A4638 /* SearchControl.swift in Sources */,
				483820E22B4BE7C100C3FB14 /* ARCommand.swift in Sources */,
				482DB6B72B5416FF005538DE /* PlaceSettingModel.swift in Sources */,
				483612B62B4ED09000E0B45A /* TabBarModel.swift in Sources */,
				483820EC2B4BE97300C3FB14 /* TtuDotViewModel.swift in Sources */,
				483820E42B4BE80700C3FB14 /* SettingsCommand.swift in Sources */,
				4861FF242B54E35C00DC6E2D /* CustomSlider.swift in Sources */,
				482DB6B92B541797005538DE /* PlaceSettingsViewModel.swift in Sources */,
				48FF93932B43BA0600202F45 /* AppDelegate.swift in Sources */,
				489BD8F12B4A40EE003382AE /* SearchButtonModel.swift in Sources */,
				483820E82B4BE8E500C3FB14 /* AddLocationCommand.swift in Sources */,
				483820DD2B4BE5E600C3FB14 /* TtuDotButton.swift in Sources */,
				482DB6BB2B541E7E005538DE /* PlaceSettingView.swift in Sources */,
				483612BA2B4ED14500E0B45A /* MainTabBarControl.swift in Sources */,
				483612B12B4ECFD900E0B45A /* MapView.swift in Sources */,
			);
			runOnlyForDeploymentPostprocessing = 0;
		};
/* End PBXSourcesBuildPhase section */

/* Begin XCBuildConfiguration section */
		48FF939B2B43BA0700202F45 /* Debug */ = {
			isa = XCBuildConfiguration;
			buildSettings = {
				ALWAYS_SEARCH_USER_PATHS = NO;
				ASSETCATALOG_COMPILER_GENERATE_SWIFT_ASSET_SYMBOL_EXTENSIONS = YES;
				CLANG_ANALYZER_NONNULL = YES;
				CLANG_ANALYZER_NUMBER_OBJECT_CONVERSION = YES_AGGRESSIVE;
				CLANG_CXX_LANGUAGE_STANDARD = "gnu++20";
				CLANG_ENABLE_MODULES = YES;
				CLANG_ENABLE_OBJC_ARC = YES;
				CLANG_ENABLE_OBJC_WEAK = YES;
				CLANG_WARN_BLOCK_CAPTURE_AUTORELEASING = YES;
				CLANG_WARN_BOOL_CONVERSION = YES;
				CLANG_WARN_COMMA = YES;
				CLANG_WARN_CONSTANT_CONVERSION = YES;
				CLANG_WARN_DEPRECATED_OBJC_IMPLEMENTATIONS = YES;
				CLANG_WARN_DIRECT_OBJC_ISA_USAGE = YES_ERROR;
				CLANG_WARN_DOCUMENTATION_COMMENTS = YES;
				CLANG_WARN_EMPTY_BODY = YES;
				CLANG_WARN_ENUM_CONVERSION = YES;
				CLANG_WARN_INFINITE_RECURSION = YES;
				CLANG_WARN_INT_CONVERSION = YES;
				CLANG_WARN_NON_LITERAL_NULL_CONVERSION = YES;
				CLANG_WARN_OBJC_IMPLICIT_RETAIN_SELF = YES;
				CLANG_WARN_OBJC_LITERAL_CONVERSION = YES;
				CLANG_WARN_OBJC_ROOT_CLASS = YES_ERROR;
				CLANG_WARN_QUOTED_INCLUDE_IN_FRAMEWORK_HEADER = YES;
				CLANG_WARN_RANGE_LOOP_ANALYSIS = YES;
				CLANG_WARN_STRICT_PROTOTYPES = YES;
				CLANG_WARN_SUSPICIOUS_MOVE = YES;
				CLANG_WARN_UNGUARDED_AVAILABILITY = YES_AGGRESSIVE;
				CLANG_WARN_UNREACHABLE_CODE = YES;
				CLANG_WARN__DUPLICATE_METHOD_MATCH = YES;
				COPY_PHASE_STRIP = NO;
				DEBUG_INFORMATION_FORMAT = dwarf;
				ENABLE_STRICT_OBJC_MSGSEND = YES;
				ENABLE_TESTABILITY = YES;
				ENABLE_USER_SCRIPT_SANDBOXING = YES;
				GCC_C_LANGUAGE_STANDARD = gnu17;
				GCC_DYNAMIC_NO_PIC = NO;
				GCC_NO_COMMON_BLOCKS = YES;
				GCC_OPTIMIZATION_LEVEL = 0;
				GCC_PREPROCESSOR_DEFINITIONS = (
					"DEBUG=1",
					"$(inherited)",
				);
				GCC_WARN_64_TO_32_BIT_CONVERSION = YES;
				GCC_WARN_ABOUT_RETURN_TYPE = YES_ERROR;
				GCC_WARN_UNDECLARED_SELECTOR = YES;
				GCC_WARN_UNINITIALIZED_AUTOS = YES_AGGRESSIVE;
				GCC_WARN_UNUSED_FUNCTION = YES;
				GCC_WARN_UNUSED_VARIABLE = YES;
				IPHONEOS_DEPLOYMENT_TARGET = 17.2;
				LOCALIZATION_PREFERS_STRING_CATALOGS = YES;
				MTL_ENABLE_DEBUG_INFO = INCLUDE_SOURCE;
				MTL_FAST_MATH = YES;
				ONLY_ACTIVE_ARCH = YES;
				SDKROOT = iphoneos;
				SWIFT_ACTIVE_COMPILATION_CONDITIONS = "DEBUG $(inherited)";
				SWIFT_OPTIMIZATION_LEVEL = "-Onone";
			};
			name = Debug;
		};
		48FF939C2B43BA0700202F45 /* Release */ = {
			isa = XCBuildConfiguration;
			buildSettings = {
				ALWAYS_SEARCH_USER_PATHS = NO;
				ASSETCATALOG_COMPILER_GENERATE_SWIFT_ASSET_SYMBOL_EXTENSIONS = YES;
				CLANG_ANALYZER_NONNULL = YES;
				CLANG_ANALYZER_NUMBER_OBJECT_CONVERSION = YES_AGGRESSIVE;
				CLANG_CXX_LANGUAGE_STANDARD = "gnu++20";
				CLANG_ENABLE_MODULES = YES;
				CLANG_ENABLE_OBJC_ARC = YES;
				CLANG_ENABLE_OBJC_WEAK = YES;
				CLANG_WARN_BLOCK_CAPTURE_AUTORELEASING = YES;
				CLANG_WARN_BOOL_CONVERSION = YES;
				CLANG_WARN_COMMA = YES;
				CLANG_WARN_CONSTANT_CONVERSION = YES;
				CLANG_WARN_DEPRECATED_OBJC_IMPLEMENTATIONS = YES;
				CLANG_WARN_DIRECT_OBJC_ISA_USAGE = YES_ERROR;
				CLANG_WARN_DOCUMENTATION_COMMENTS = YES;
				CLANG_WARN_EMPTY_BODY = YES;
				CLANG_WARN_ENUM_CONVERSION = YES;
				CLANG_WARN_INFINITE_RECURSION = YES;
				CLANG_WARN_INT_CONVERSION = YES;
				CLANG_WARN_NON_LITERAL_NULL_CONVERSION = YES;
				CLANG_WARN_OBJC_IMPLICIT_RETAIN_SELF = YES;
				CLANG_WARN_OBJC_LITERAL_CONVERSION = YES;
				CLANG_WARN_OBJC_ROOT_CLASS = YES_ERROR;
				CLANG_WARN_QUOTED_INCLUDE_IN_FRAMEWORK_HEADER = YES;
				CLANG_WARN_RANGE_LOOP_ANALYSIS = YES;
				CLANG_WARN_STRICT_PROTOTYPES = YES;
				CLANG_WARN_SUSPICIOUS_MOVE = YES;
				CLANG_WARN_UNGUARDED_AVAILABILITY = YES_AGGRESSIVE;
				CLANG_WARN_UNREACHABLE_CODE = YES;
				CLANG_WARN__DUPLICATE_METHOD_MATCH = YES;
				COPY_PHASE_STRIP = NO;
				DEBUG_INFORMATION_FORMAT = "dwarf-with-dsym";
				ENABLE_NS_ASSERTIONS = NO;
				ENABLE_STRICT_OBJC_MSGSEND = YES;
				ENABLE_USER_SCRIPT_SANDBOXING = YES;
				GCC_C_LANGUAGE_STANDARD = gnu17;
				GCC_NO_COMMON_BLOCKS = YES;
				GCC_WARN_64_TO_32_BIT_CONVERSION = YES;
				GCC_WARN_ABOUT_RETURN_TYPE = YES_ERROR;
				GCC_WARN_UNDECLARED_SELECTOR = YES;
				GCC_WARN_UNINITIALIZED_AUTOS = YES_AGGRESSIVE;
				GCC_WARN_UNUSED_FUNCTION = YES;
				GCC_WARN_UNUSED_VARIABLE = YES;
				IPHONEOS_DEPLOYMENT_TARGET = 17.2;
				LOCALIZATION_PREFERS_STRING_CATALOGS = YES;
				MTL_ENABLE_DEBUG_INFO = NO;
				MTL_FAST_MATH = YES;
				SDKROOT = iphoneos;
				SWIFT_COMPILATION_MODE = wholemodule;
				VALIDATE_PRODUCT = YES;
			};
			name = Release;
		};
		48FF939E2B43BA0700202F45 /* Debug */ = {
			isa = XCBuildConfiguration;
			buildSettings = {
				ASSETCATALOG_COMPILER_APPICON_NAME = AppIcon;
				ASSETCATALOG_COMPILER_GLOBAL_ACCENT_COLOR_NAME = AccentColor;
				CODE_SIGN_STYLE = Automatic;
				CURRENT_PROJECT_VERSION = 1;
				DEVELOPMENT_ASSET_PATHS = "\"ttubeokAR/Preview Content\"";
				DEVELOPMENT_TEAM = 8B8B4462NV;
				ENABLE_PREVIEWS = YES;
				GENERATE_INFOPLIST_FILE = YES;
				INFOPLIST_KEY_NSCameraUsageDescription = "";
				INFOPLIST_KEY_UIApplicationSupportsIndirectInputEvents = YES;
				INFOPLIST_KEY_UILaunchScreen_Generation = YES;
				INFOPLIST_KEY_UIRequiredDeviceCapabilities = arkit;
				INFOPLIST_KEY_UIStatusBarHidden = YES;
				INFOPLIST_KEY_UISupportedInterfaceOrientations_iPad = "UIInterfaceOrientationPortrait UIInterfaceOrientationPortraitUpsideDown UIInterfaceOrientationLandscapeLeft UIInterfaceOrientationLandscapeRight";
				INFOPLIST_KEY_UISupportedInterfaceOrientations_iPhone = "UIInterfaceOrientationPortrait UIInterfaceOrientationLandscapeLeft UIInterfaceOrientationLandscapeRight";
				LD_RUNPATH_SEARCH_PATHS = (
					"$(inherited)",
					"@executable_path/Frameworks",
				);
				MARKETING_VERSION = 1.0;
				PRODUCT_BUNDLE_IDENTIFIER = aap.ttubeokAR;
				PRODUCT_NAME = "$(TARGET_NAME)";
				SWIFT_EMIT_LOC_STRINGS = YES;
				SWIFT_VERSION = 5.0;
				TARGETED_DEVICE_FAMILY = "1,2";
			};
			name = Debug;
		};
		48FF939F2B43BA0700202F45 /* Release */ = {
			isa = XCBuildConfiguration;
			buildSettings = {
				ASSETCATALOG_COMPILER_APPICON_NAME = AppIcon;
				ASSETCATALOG_COMPILER_GLOBAL_ACCENT_COLOR_NAME = AccentColor;
				CODE_SIGN_STYLE = Automatic;
				CURRENT_PROJECT_VERSION = 1;
				DEVELOPMENT_ASSET_PATHS = "\"ttubeokAR/Preview Content\"";
				DEVELOPMENT_TEAM = 8B8B4462NV;
				ENABLE_PREVIEWS = YES;
				GENERATE_INFOPLIST_FILE = YES;
				INFOPLIST_KEY_NSCameraUsageDescription = "";
				INFOPLIST_KEY_UIApplicationSupportsIndirectInputEvents = YES;
				INFOPLIST_KEY_UILaunchScreen_Generation = YES;
				INFOPLIST_KEY_UIRequiredDeviceCapabilities = arkit;
				INFOPLIST_KEY_UIStatusBarHidden = YES;
				INFOPLIST_KEY_UISupportedInterfaceOrientations_iPad = "UIInterfaceOrientationPortrait UIInterfaceOrientationPortraitUpsideDown UIInterfaceOrientationLandscapeLeft UIInterfaceOrientationLandscapeRight";
				INFOPLIST_KEY_UISupportedInterfaceOrientations_iPhone = "UIInterfaceOrientationPortrait UIInterfaceOrientationLandscapeLeft UIInterfaceOrientationLandscapeRight";
				LD_RUNPATH_SEARCH_PATHS = (
					"$(inherited)",
					"@executable_path/Frameworks",
				);
				MARKETING_VERSION = 1.0;
				PRODUCT_BUNDLE_IDENTIFIER = aap.ttubeokAR;
				PRODUCT_NAME = "$(TARGET_NAME)";
				SWIFT_EMIT_LOC_STRINGS = YES;
				SWIFT_VERSION = 5.0;
				TARGETED_DEVICE_FAMILY = "1,2";
			};
			name = Release;
		};
/* End XCBuildConfiguration section */

/* Begin XCConfigurationList section */
		48FF938A2B43BA0600202F45 /* Build configuration list for PBXProject "ttubeokAR" */ = {
			isa = XCConfigurationList;
			buildConfigurations = (
				48FF939B2B43BA0700202F45 /* Debug */,
				48FF939C2B43BA0700202F45 /* Release */,
			);
			defaultConfigurationIsVisible = 0;
			defaultConfigurationName = Release;
		};
		48FF939D2B43BA0700202F45 /* Build configuration list for PBXNativeTarget "ttubeokAR" */ = {
			isa = XCConfigurationList;
			buildConfigurations = (
				48FF939E2B43BA0700202F45 /* Debug */,
				48FF939F2B43BA0700202F45 /* Release */,
			);
			defaultConfigurationIsVisible = 0;
			defaultConfigurationName = Release;
		};
/* End XCConfigurationList section */
	};
	rootObject = 48FF93872B43BA0600202F45 /* Project object */;
}
